
Microsoft Visual Studio Solution File, Format Version 12.00
# Visual Studio Version 17
VisualStudioVersion = 17.11.35222.181
MinimumVisualStudioVersion = 10.0.40219.1
Project("{FAE04EC0-301F-11D3-BF4B-00C04F79EFBC}") = "trial-picture", "trial-picture.csproj", "{30005A4A-A7AA-461D-B176-D59365EABF28}"
EndProject
Global
	GlobalSection(SolutionConfigurationPlatforms) = preSolution
		Debug|Any CPU = Debug|Any CPU
		Release|Any CPU = Release|Any CPU
	EndGlobalSection
	GlobalSection(ProjectConfigurationPlatforms) = postSolution
		{30005A4A-A7AA-461D-B176-D59365EABF28}.Debug|Any CPU.ActiveCfg = Debug|Any CPU
		{30005A4A-A7AA-461D-B176-D59365EABF28}.Debug|Any CPU.Build.0 = Debug|Any CPU
		{30005A4A-A7AA-461D-B176-D59365EABF28}.Release|Any CPU.ActiveCfg = Release|Any CPU
		{30005A4A-A7AA-461D-B176-D59365EABF28}.Release|Any CPU.Build.0 = Release|Any CPU
	EndGlobalSection
	GlobalSection(SolutionProperties) = preSolution
		HideSolutionNode = FALSE
	EndGlobalSection
	GlobalSection(ExtensibilityGlobals) = postSolution
		SolutionGuid = {6C7158FA-3734-47E9-8096-FC11CE6780E3}
	EndGlobalSection
EndGlobal
